
Microsoft Visual Studio Solution File, Format Version 12.00
# Visual Studio Version 17
VisualStudioVersion = 17.3.32811.315
MinimumVisualStudioVersion = 10.0.40219.1
Project("{FAE04EC0-301F-11D3-BF4B-00C04F79EFBC}") = "ChuKiDienTuRSA", "ChuKiDienTuRSA\ChuKiDienTuRSA.csproj", "{D97B50D7-27C4-46D8-BC84-CF56452CB476}"
EndProject
Global
	GlobalSection(SolutionConfigurationPlatforms) = preSolution
		Debug|Any CPU = Debug|Any CPU
		Release|Any CPU = Release|Any CPU
	EndGlobalSection
	GlobalSection(ProjectConfigurationPlatforms) = postSolution
		{D97B50D7-27C4-46D8-BC84-CF56452CB476}.Debug|Any CPU.ActiveCfg = Debug|Any CPU
		{D97B50D7-27C4-46D8-BC84-CF56452CB476}.Debug|Any CPU.Build.0 = Debug|Any CPU
		{D97B50D7-27C4-46D8-BC84-CF56452CB476}.Release|Any CPU.ActiveCfg = Release|Any CPU
		{D97B50D7-27C4-46D8-BC84-CF56452CB476}.Release|Any CPU.Build.0 = Release|Any CPU
	EndGlobalSection
	GlobalSection(SolutionProperties) = preSolution
		HideSolutionNode = FALSE
	EndGlobalSection
	GlobalSection(ExtensibilityGlobals) = postSolution
		SolutionGuid = {85BB5797-A654-464E-BA08-C99D5ED16D5F}
	EndGlobalSection
EndGlobal
